
Microsoft Visual Studio Solution File, Format Version 12.00
# Visual Studio 15
VisualStudioVersion = 15.0.26124.0
MinimumVisualStudioVersion = 15.0.26124.0
Project("{2150E333-8FDC-42A3-9474-1A3956D46DE8}") = "src", "src", "{61E340D9-27EE-47EA-9258-C419F1E45264}"
EndProject
Project("{FAE04EC0-301F-11D3-BF4B-00C04F79EFBC}") = "Dashboard.Api", "src\Dashboard.Api\Dashboard.Api.csproj", "{954B5A2B-680F-4C55-B96E-554148850F5D}"
EndProject
Project("{FAE04EC0-301F-11D3-BF4B-00C04F79EFBC}") = "Dashboard.Admin.Api", "src\Dashboard.Admin.Api\Dashboard.Admin.Api.csproj", "{4285E4C4-8D75-43F8-A080-649B6DA0CEF4}"
EndProject
Project("{FAE04EC0-301F-11D3-BF4B-00C04F79EFBC}") = "Dashboard.CloudStorage", "src\Dashboard.CloudStorage\Dashboard.CloudStorage.csproj", "{0DF83372-C195-4FD1-91DC-062C2381E9A9}"
EndProject
Project("{2150E333-8FDC-42A3-9474-1A3956D46DE8}") = "tests", "tests", "{CB485557-E9E1-4468-BDB7-6110510C770E}"
EndProject
Project("{2150E333-8FDC-42A3-9474-1A3956D46DE8}") = "UnitTests", "UnitTests", "{1FBE5C86-E067-41FE-8EC7-45B0C749A8BB}"
EndProject
Project("{FAE04EC0-301F-11D3-BF4B-00C04F79EFBC}") = "Dashboard.Api.Tests", "tests\UnitTests\Dashboard.Api.Tests\Dashboard.Api.Tests.csproj", "{CB1AF9B6-F576-439D-9BF0-FBDB3DCD25CE}"
EndProject
Global
	GlobalSection(SolutionProperties) = preSolution
		HideSolutionNode = FALSE
	EndGlobalSection
	GlobalSection(SolutionConfigurationPlatforms) = preSolution
		Debug|Any CPU = Debug|Any CPU
		Debug|x64 = Debug|x64
		Debug|x86 = Debug|x86
		Release|Any CPU = Release|Any CPU
		Release|x64 = Release|x64
		Release|x86 = Release|x86
	EndGlobalSection
	GlobalSection(ProjectConfigurationPlatforms) = postSolution
		{954B5A2B-680F-4C55-B96E-554148850F5D}.Debug|Any CPU.ActiveCfg = Debug|Any CPU
		{954B5A2B-680F-4C55-B96E-554148850F5D}.Debug|Any CPU.Build.0 = Debug|Any CPU
		{954B5A2B-680F-4C55-B96E-554148850F5D}.Debug|x64.ActiveCfg = Debug|Any CPU
		{954B5A2B-680F-4C55-B96E-554148850F5D}.Debug|x64.Build.0 = Debug|Any CPU
		{954B5A2B-680F-4C55-B96E-554148850F5D}.Debug|x86.ActiveCfg = Debug|Any CPU
		{954B5A2B-680F-4C55-B96E-554148850F5D}.Debug|x86.Build.0 = Debug|Any CPU
		{954B5A2B-680F-4C55-B96E-554148850F5D}.Release|Any CPU.ActiveCfg = Release|Any CPU
		{954B5A2B-680F-4C55-B96E-554148850F5D}.Release|Any CPU.Build.0 = Release|Any CPU
		{954B5A2B-680F-4C55-B96E-554148850F5D}.Release|x64.ActiveCfg = Release|Any CPU
		{954B5A2B-680F-4C55-B96E-554148850F5D}.Release|x64.Build.0 = Release|Any CPU
		{954B5A2B-680F-4C55-B96E-554148850F5D}.Release|x86.ActiveCfg = Release|Any CPU
		{954B5A2B-680F-4C55-B96E-554148850F5D}.Release|x86.Build.0 = Release|Any CPU
		{4285E4C4-8D75-43F8-A080-649B6DA0CEF4}.Debug|Any CPU.ActiveCfg = Debug|Any CPU
		{4285E4C4-8D75-43F8-A080-649B6DA0CEF4}.Debug|Any CPU.Build.0 = Debug|Any CPU
		{4285E4C4-8D75-43F8-A080-649B6DA0CEF4}.Debug|x64.ActiveCfg = Debug|Any CPU
		{4285E4C4-8D75-43F8-A080-649B6DA0CEF4}.Debug|x64.Build.0 = Debug|Any CPU
		{4285E4C4-8D75-43F8-A080-649B6DA0CEF4}.Debug|x86.ActiveCfg = Debug|Any CPU
		{4285E4C4-8D75-43F8-A080-649B6DA0CEF4}.Debug|x86.Build.0 = Debug|Any CPU
		{4285E4C4-8D75-43F8-A080-649B6DA0CEF4}.Release|Any CPU.ActiveCfg = Release|Any CPU
		{4285E4C4-8D75-43F8-A080-649B6DA0CEF4}.Release|Any CPU.Build.0 = Release|Any CPU
		{4285E4C4-8D75-43F8-A080-649B6DA0CEF4}.Release|x64.ActiveCfg = Release|Any CPU
		{4285E4C4-8D75-43F8-A080-649B6DA0CEF4}.Release|x64.Build.0 = Release|Any CPU
		{4285E4C4-8D75-43F8-A080-649B6DA0CEF4}.Release|x86.ActiveCfg = Release|Any CPU
		{4285E4C4-8D75-43F8-A080-649B6DA0CEF4}.Release|x86.Build.0 = Release|Any CPU
		{0DF83372-C195-4FD1-91DC-062C2381E9A9}.Debug|Any CPU.ActiveCfg = Debug|Any CPU
		{0DF83372-C195-4FD1-91DC-062C2381E9A9}.Debug|Any CPU.Build.0 = Debug|Any CPU
		{0DF83372-C195-4FD1-91DC-062C2381E9A9}.Debug|x64.ActiveCfg = Debug|Any CPU
		{0DF83372-C195-4FD1-91DC-062C2381E9A9}.Debug|x64.Build.0 = Debug|Any CPU
		{0DF83372-C195-4FD1-91DC-062C2381E9A9}.Debug|x86.ActiveCfg = Debug|Any CPU
		{0DF83372-C195-4FD1-91DC-062C2381E9A9}.Debug|x86.Build.0 = Debug|Any CPU
		{0DF83372-C195-4FD1-91DC-062C2381E9A9}.Release|Any CPU.ActiveCfg = Release|Any CPU
		{0DF83372-C195-4FD1-91DC-062C2381E9A9}.Release|Any CPU.Build.0 = Release|Any CPU
		{0DF83372-C195-4FD1-91DC-062C2381E9A9}.Release|x64.ActiveCfg = Release|Any CPU
		{0DF83372-C195-4FD1-91DC-062C2381E9A9}.Release|x64.Build.0 = Release|Any CPU
		{0DF83372-C195-4FD1-91DC-062C2381E9A9}.Release|x86.ActiveCfg = Release|Any CPU
		{0DF83372-C195-4FD1-91DC-062C2381E9A9}.Release|x86.Build.0 = Release|Any CPU
		{CB1AF9B6-F576-439D-9BF0-FBDB3DCD25CE}.Debug|Any CPU.ActiveCfg = Debug|Any CPU
		{CB1AF9B6-F576-439D-9BF0-FBDB3DCD25CE}.Debug|Any CPU.Build.0 = Debug|Any CPU
		{CB1AF9B6-F576-439D-9BF0-FBDB3DCD25CE}.Debug|x64.ActiveCfg = Debug|Any CPU
		{CB1AF9B6-F576-439D-9BF0-FBDB3DCD25CE}.Debug|x64.Build.0 = Debug|Any CPU
		{CB1AF9B6-F576-439D-9BF0-FBDB3DCD25CE}.Debug|x86.ActiveCfg = Debug|Any CPU
		{CB1AF9B6-F576-439D-9BF0-FBDB3DCD25CE}.Debug|x86.Build.0 = Debug|Any CPU
		{CB1AF9B6-F576-439D-9BF0-FBDB3DCD25CE}.Release|Any CPU.ActiveCfg = Release|Any CPU
		{CB1AF9B6-F576-439D-9BF0-FBDB3DCD25CE}.Release|Any CPU.Build.0 = Release|Any CPU
		{CB1AF9B6-F576-439D-9BF0-FBDB3DCD25CE}.Release|x64.ActiveCfg = Release|Any CPU
		{CB1AF9B6-F576-439D-9BF0-FBDB3DCD25CE}.Release|x64.Build.0 = Release|Any CPU
		{CB1AF9B6-F576-439D-9BF0-FBDB3DCD25CE}.Release|x86.ActiveCfg = Release|Any CPU
		{CB1AF9B6-F576-439D-9BF0-FBDB3DCD25CE}.Release|x86.Build.0 = Release|Any CPU
	EndGlobalSection
	GlobalSection(NestedProjects) = preSolution
		{954B5A2B-680F-4C55-B96E-554148850F5D} = {61E340D9-27EE-47EA-9258-C419F1E45264}
		{4285E4C4-8D75-43F8-A080-649B6DA0CEF4} = {61E340D9-27EE-47EA-9258-C419F1E45264}
		{0DF83372-C195-4FD1-91DC-062C2381E9A9} = {61E340D9-27EE-47EA-9258-C419F1E45264}
		{1FBE5C86-E067-41FE-8EC7-45B0C749A8BB} = {CB485557-E9E1-4468-BDB7-6110510C770E}
		{CB1AF9B6-F576-439D-9BF0-FBDB3DCD25CE} = {1FBE5C86-E067-41FE-8EC7-45B0C749A8BB}
	EndGlobalSection
EndGlobal
